
Microsoft Visual Studio Solution File, Format Version 12.00
# Visual Studio Version 17
VisualStudioVersion = 17.8.34309.116
MinimumVisualStudioVersion = 10.0.40219.1
Project("{2150E333-8FDC-42A3-9474-1A3956D46DE8}") = "src", "src", "{46FD9449-FB49-44A9-ACA4-F1D2A70CAB04}"
EndProject
Project("{2150E333-8FDC-42A3-9474-1A3956D46DE8}") = "Presentation", "Presentation", "{164EFD41-0229-4D7C-8748-3FD44F70CB0F}"
EndProject
Project("{2150E333-8FDC-42A3-9474-1A3956D46DE8}") = "Core", "Core", "{DA34A192-01CC-4260-9062-EB1F8D74731F}"
EndProject
Project("{2150E333-8FDC-42A3-9474-1A3956D46DE8}") = "Infrastucture", "Infrastucture", "{DEB354FD-1887-4DDC-ACE3-FC35C19F573B}"
EndProject
Project("{9A19103F-16F7-4668-BE54-9A1E7A4F7556}") = "BooksApi.Core", "src\Core\BooksApi.Core\BooksApi.Core.csproj", "{0702126D-FEC1-47FF-883F-1470D8777006}"
EndProject
Project("{9A19103F-16F7-4668-BE54-9A1E7A4F7556}") = "BooksApi.Application", "src\Core\BooksApi.Application\BooksApi.Application.csproj", "{77E09A88-F6AD-4A4D-A85D-5B1A6B95E421}"
EndProject
Project("{9A19103F-16F7-4668-BE54-9A1E7A4F7556}") = "BooksApi.Web", "src\Presentation\BooksApi.Web\BooksApi.Web.csproj", "{3B0D5780-234A-494C-B512-F8E45B9A1613}"
EndProject
Project("{9A19103F-16F7-4668-BE54-9A1E7A4F7556}") = "BooksApi.Domain", "src\Core\BooksApi.Domain\BooksApi.Domain.csproj", "{FE807AA2-773F-432B-AF05-61697AE45B41}"
EndProject
Project("{9A19103F-16F7-4668-BE54-9A1E7A4F7556}") = "BooksApi.Infrastructure", "src\Infrasctucture\BooksApi.Infrastructure\BooksApi.Infrastructure.csproj", "{BD7BFC68-137E-4BF5-8CC5-3C60B71413B1}"
EndProject
Project("{9A19103F-16F7-4668-BE54-9A1E7A4F7556}") = "BooksApi.DataBase", "src\Infrasctucture\BooksApi.DataBase\BooksApi.DataBase.csproj", "{F1F1C97C-B6AD-4EB4-8CC3-1EAC1B4BB89C}"
EndProject
Global
	GlobalSection(SolutionConfigurationPlatforms) = preSolution
		Debug|Any CPU = Debug|Any CPU
		Release|Any CPU = Release|Any CPU
	EndGlobalSection
	GlobalSection(ProjectConfigurationPlatforms) = postSolution
		{0702126D-FEC1-47FF-883F-1470D8777006}.Debug|Any CPU.ActiveCfg = Debug|Any CPU
		{0702126D-FEC1-47FF-883F-1470D8777006}.Debug|Any CPU.Build.0 = Debug|Any CPU
		{0702126D-FEC1-47FF-883F-1470D8777006}.Release|Any CPU.ActiveCfg = Release|Any CPU
		{0702126D-FEC1-47FF-883F-1470D8777006}.Release|Any CPU.Build.0 = Release|Any CPU
		{77E09A88-F6AD-4A4D-A85D-5B1A6B95E421}.Debug|Any CPU.ActiveCfg = Debug|Any CPU
		{77E09A88-F6AD-4A4D-A85D-5B1A6B95E421}.Debug|Any CPU.Build.0 = Debug|Any CPU
		{77E09A88-F6AD-4A4D-A85D-5B1A6B95E421}.Release|Any CPU.ActiveCfg = Release|Any CPU
		{77E09A88-F6AD-4A4D-A85D-5B1A6B95E421}.Release|Any CPU.Build.0 = Release|Any CPU
		{3B0D5780-234A-494C-B512-F8E45B9A1613}.Debug|Any CPU.ActiveCfg = Debug|Any CPU
		{3B0D5780-234A-494C-B512-F8E45B9A1613}.Debug|Any CPU.Build.0 = Debug|Any CPU
		{3B0D5780-234A-494C-B512-F8E45B9A1613}.Release|Any CPU.ActiveCfg = Release|Any CPU
		{3B0D5780-234A-494C-B512-F8E45B9A1613}.Release|Any CPU.Build.0 = Release|Any CPU
		{FE807AA2-773F-432B-AF05-61697AE45B41}.Debug|Any CPU.ActiveCfg = Debug|Any CPU
		{FE807AA2-773F-432B-AF05-61697AE45B41}.Debug|Any CPU.Build.0 = Debug|Any CPU
		{FE807AA2-773F-432B-AF05-61697AE45B41}.Release|Any CPU.ActiveCfg = Release|Any CPU
		{FE807AA2-773F-432B-AF05-61697AE45B41}.Release|Any CPU.Build.0 = Release|Any CPU
		{BD7BFC68-137E-4BF5-8CC5-3C60B71413B1}.Debug|Any CPU.ActiveCfg = Debug|Any CPU
		{BD7BFC68-137E-4BF5-8CC5-3C60B71413B1}.Debug|Any CPU.Build.0 = Debug|Any CPU
		{BD7BFC68-137E-4BF5-8CC5-3C60B71413B1}.Release|Any CPU.ActiveCfg = Release|Any CPU
		{BD7BFC68-137E-4BF5-8CC5-3C60B71413B1}.Release|Any CPU.Build.0 = Release|Any CPU
		{F1F1C97C-B6AD-4EB4-8CC3-1EAC1B4BB89C}.Debug|Any CPU.ActiveCfg = Debug|Any CPU
		{F1F1C97C-B6AD-4EB4-8CC3-1EAC1B4BB89C}.Debug|Any CPU.Build.0 = Debug|Any CPU
		{F1F1C97C-B6AD-4EB4-8CC3-1EAC1B4BB89C}.Release|Any CPU.ActiveCfg = Release|Any CPU
		{F1F1C97C-B6AD-4EB4-8CC3-1EAC1B4BB89C}.Release|Any CPU.Build.0 = Release|Any CPU
	EndGlobalSection
	GlobalSection(SolutionProperties) = preSolution
		HideSolutionNode = FALSE
	EndGlobalSection
	GlobalSection(NestedProjects) = preSolution
		{164EFD41-0229-4D7C-8748-3FD44F70CB0F} = {46FD9449-FB49-44A9-ACA4-F1D2A70CAB04}
		{DA34A192-01CC-4260-9062-EB1F8D74731F} = {46FD9449-FB49-44A9-ACA4-F1D2A70CAB04}
		{DEB354FD-1887-4DDC-ACE3-FC35C19F573B} = {46FD9449-FB49-44A9-ACA4-F1D2A70CAB04}
		{0702126D-FEC1-47FF-883F-1470D8777006} = {DA34A192-01CC-4260-9062-EB1F8D74731F}
		{77E09A88-F6AD-4A4D-A85D-5B1A6B95E421} = {DA34A192-01CC-4260-9062-EB1F8D74731F}
		{3B0D5780-234A-494C-B512-F8E45B9A1613} = {164EFD41-0229-4D7C-8748-3FD44F70CB0F}
		{FE807AA2-773F-432B-AF05-61697AE45B41} = {DA34A192-01CC-4260-9062-EB1F8D74731F}
		{BD7BFC68-137E-4BF5-8CC5-3C60B71413B1} = {DEB354FD-1887-4DDC-ACE3-FC35C19F573B}
		{F1F1C97C-B6AD-4EB4-8CC3-1EAC1B4BB89C} = {DEB354FD-1887-4DDC-ACE3-FC35C19F573B}
	EndGlobalSection
	GlobalSection(ExtensibilityGlobals) = postSolution
		SolutionGuid = {058D3DBC-3761-4E2B-BE4A-D53A29DDA386}
	EndGlobalSection
EndGlobal
